
Microsoft Visual Studio Solution File, Format Version 12.00
# Visual Studio Version 17
VisualStudioVersion = 17.0.31903.59
MinimumVisualStudioVersion = 10.0.40219.1
Project("{FAE04EC0-301F-11D3-BF4B-00C04F79EFBC}") = "src\BlazorUI", "src\BlazorUI\BlazorUI.csproj", "{CC707276-A5C1-42BA-A56C-A18678DBE147}"
EndProject
Project("{FAE04EC0-301F-11D3-BF4B-00C04F79EFBC}") = "src\DDD.API", "src\DDD.API\DDD.API.csproj", "{B4E6BA37-B288-46B4-8281-93DCBBC0B3E7}"
EndProject
Project("{FAE04EC0-301F-11D3-BF4B-00C04F79EFBC}") = "src\DDD.Application", "src\DDD.Application\DDD.Application.csproj", "{C4444243-983A-45D7-82E6-E75945D7F87D}"
EndProject
Project("{FAE04EC0-301F-11D3-BF4B-00C04F79EFBC}") = "src\DDD.Infrastructure", "src\DDD.Infrastructure\DDD.Infrastructure.csproj", "{5CAB6ACD-5A53-4E77-AE2D-2B73D0DBFFCE}"
EndProject
Project("{FAE04EC0-301F-11D3-BF4B-00C04F79EFBC}") = "src\DDD.Domain", "src\DDD.Domain\DDD.Domain.csproj", "{41FC36E0-4E63-498A-A697-BE90F499F319}"
EndProject
Global
	GlobalSection(SolutionConfigurationPlatforms) = preSolution
		Debug|Any CPU = Debug|Any CPU
		Release|Any CPU = Release|Any CPU
	EndGlobalSection
	GlobalSection(SolutionProperties) = preSolution
		HideSolutionNode = FALSE
	EndGlobalSection
	GlobalSection(ProjectConfigurationPlatforms) = postSolution
		{CC707276-A5C1-42BA-A56C-A18678DBE147}.Debug|Any CPU.ActiveCfg = Debug|Any CPU
		{CC707276-A5C1-42BA-A56C-A18678DBE147}.Debug|Any CPU.Build.0 = Debug|Any CPU
		{CC707276-A5C1-42BA-A56C-A18678DBE147}.Release|Any CPU.ActiveCfg = Release|Any CPU
		{CC707276-A5C1-42BA-A56C-A18678DBE147}.Release|Any CPU.Build.0 = Release|Any CPU
		{B4E6BA37-B288-46B4-8281-93DCBBC0B3E7}.Debug|Any CPU.ActiveCfg = Debug|Any CPU
		{B4E6BA37-B288-46B4-8281-93DCBBC0B3E7}.Debug|Any CPU.Build.0 = Debug|Any CPU
		{B4E6BA37-B288-46B4-8281-93DCBBC0B3E7}.Release|Any CPU.ActiveCfg = Release|Any CPU
		{B4E6BA37-B288-46B4-8281-93DCBBC0B3E7}.Release|Any CPU.Build.0 = Release|Any CPU
		{C4444243-983A-45D7-82E6-E75945D7F87D}.Debug|Any CPU.ActiveCfg = Debug|Any CPU
		{C4444243-983A-45D7-82E6-E75945D7F87D}.Debug|Any CPU.Build.0 = Debug|Any CPU
		{C4444243-983A-45D7-82E6-E75945D7F87D}.Release|Any CPU.ActiveCfg = Release|Any CPU
		{C4444243-983A-45D7-82E6-E75945D7F87D}.Release|Any CPU.Build.0 = Release|Any CPU
		{5CAB6ACD-5A53-4E77-AE2D-2B73D0DBFFCE}.Debug|Any CPU.ActiveCfg = Debug|Any CPU
		{5CAB6ACD-5A53-4E77-AE2D-2B73D0DBFFCE}.Debug|Any CPU.Build.0 = Debug|Any CPU
		{5CAB6ACD-5A53-4E77-AE2D-2B73D0DBFFCE}.Release|Any CPU.ActiveCfg = Release|Any CPU
		{5CAB6ACD-5A53-4E77-AE2D-2B73D0DBFFCE}.Release|Any CPU.Build.0 = Release|Any CPU
		{41FC36E0-4E63-498A-A697-BE90F499F319}.Debug|Any CPU.ActiveCfg = Debug|Any CPU
		{41FC36E0-4E63-498A-A697-BE90F499F319}.Debug|Any CPU.Build.0 = Debug|Any CPU
		{41FC36E0-4E63-498A-A697-BE90F499F319}.Release|Any CPU.ActiveCfg = Release|Any CPU
		{41FC36E0-4E63-498A-A697-BE90F499F319}.Release|Any CPU.Build.0 = Release|Any CPU
	EndGlobalSection
EndGlobal
